
Microsoft Visual Studio Solution File, Format Version 12.00
# Visual Studio Version 18
VisualStudioVersion = 18.1.11304.174
MinimumVisualStudioVersion = 10.0.40219.1
Project("{FAE04EC0-301F-11D3-BF4B-00C04F79EFBC}") = "UmbracoCommunity.Web.UI", "src\UmbracoCommunity.Web.UI\UmbracoCommunity.Web.UI.csproj", "{716A5A5E-C5B2-4885-800F-56BE3C51248A}"
EndProject
Project("{2150E333-8FDC-42A3-9474-1A3956D46DE8}") = "Solution Files", "Solution Files", "{02200206-9B5D-45F4-964D-B9789864A2A5}"
	ProjectSection(SolutionItems) = preProject
		.dockerignore = .dockerignore
		.editorconfig = .editorconfig
		.gitattributes = .gitattributes
		.gitignore = .gitignore
		.umbraco = .umbraco
		NuGet.config = NuGet.config
		Readme.md = Readme.md
	EndProjectSection
EndProject
Project("{FAE04EC0-301F-11D3-BF4B-00C04F79EFBC}") = "UmbracoCommunity.Web", "src\UmbracoCommunity.Web\UmbracoCommunity.Web.csproj", "{A6627047-95D0-3429-D3DD-42A5D8DFAC5E}"
EndProject
Project("{E24C65DC-7377-472B-9ABA-BC803B73C61A}") = "UmbracoCommunity.StaticAssets", "src\UmbracoCommunity.StaticAssets\", "{C2FE9FEE-F9A8-462A-8D93-65B779A1295E}"
	ProjectSection(WebsiteProperties) = preProject
		TargetFrameworkMoniker = ".NETFramework,Version%3Dv4.8"
		Debug.AspNetCompiler.VirtualPath = "/localhost_56366"
		Debug.AspNetCompiler.PhysicalPath = "src\UmbracoCommunity.StaticAssets\"
		Debug.AspNetCompiler.TargetPath = "PrecompiledWeb\localhost_56366\"
		Debug.AspNetCompiler.Updateable = "true"
		Debug.AspNetCompiler.ForceOverwrite = "true"
		Debug.AspNetCompiler.FixedNames = "false"
		Debug.AspNetCompiler.Debug = "True"
		Release.AspNetCompiler.VirtualPath = "/localhost_56366"
		Release.AspNetCompiler.PhysicalPath = "src\UmbracoCommunity.StaticAssets\"
		Release.AspNetCompiler.TargetPath = "PrecompiledWeb\localhost_56366\"
		Release.AspNetCompiler.Updateable = "true"
		Release.AspNetCompiler.ForceOverwrite = "true"
		Release.AspNetCompiler.FixedNames = "false"
		Release.AspNetCompiler.Debug = "False"
		VWDPort = "56366"
		SlnRelativePath = "src\UmbracoCommunity.StaticAssets\"
	EndProjectSection
EndProject
Project("{FAE04EC0-301F-11D3-BF4B-00C04F79EFBC}") = "UmbracoCommunity.Extensions", "src\UmbracoCommunity.Extensions\UmbracoCommunity.Extensions.csproj", "{48671099-9B63-4C81-8F63-B87866526E85}"
EndProject
Project("{2150E333-8FDC-42A3-9474-1A3956D46DE8}") = "tests", "tests", "{0AB3BF05-4346-4AA6-1389-037BE0695223}"
EndProject
Project("{FAE04EC0-301F-11D3-BF4B-00C04F79EFBC}") = "UmbracoCommunity.Tests", "tests\UmbracoCommunity.Tests\UmbracoCommunity.Tests.csproj", "{469BA842-BB9B-495F-ABCD-F5AD664A422A}"
EndProject
Project("{FAE04EC0-301F-11D3-BF4B-00C04F79EFBC}") = "UmbracoCommunity.Tests.Integration", "tests\UmbracoCommunity.Tests.Integration\UmbracoCommunity.Tests.Integration.csproj", "{3BC0D0F3-920A-4838-AAFC-086CEAEF9962}"
EndProject
Project("{2150E333-8FDC-42A3-9474-1A3956D46DE8}") = "src", "src", "{827E0CD3-B72D-47B6-A68D-7590B98EB39B}"
EndProject
Global
	GlobalSection(SolutionConfigurationPlatforms) = preSolution
		Debug|Any CPU = Debug|Any CPU
		Debug|x64 = Debug|x64
		Debug|x86 = Debug|x86
		Release|Any CPU = Release|Any CPU
		Release|x64 = Release|x64
		Release|x86 = Release|x86
	EndGlobalSection
	GlobalSection(ProjectConfigurationPlatforms) = postSolution
		{716A5A5E-C5B2-4885-800F-56BE3C51248A}.Debug|Any CPU.ActiveCfg = Debug|Any CPU
		{716A5A5E-C5B2-4885-800F-56BE3C51248A}.Debug|Any CPU.Build.0 = Debug|Any CPU
		{716A5A5E-C5B2-4885-800F-56BE3C51248A}.Debug|x64.ActiveCfg = Debug|Any CPU
		{716A5A5E-C5B2-4885-800F-56BE3C51248A}.Debug|x64.Build.0 = Debug|Any CPU
		{716A5A5E-C5B2-4885-800F-56BE3C51248A}.Debug|x86.ActiveCfg = Debug|Any CPU
		{716A5A5E-C5B2-4885-800F-56BE3C51248A}.Debug|x86.Build.0 = Debug|Any CPU
		{716A5A5E-C5B2-4885-800F-56BE3C51248A}.Release|Any CPU.ActiveCfg = Release|Any CPU
		{716A5A5E-C5B2-4885-800F-56BE3C51248A}.Release|Any CPU.Build.0 = Release|Any CPU
		{716A5A5E-C5B2-4885-800F-56BE3C51248A}.Release|x64.ActiveCfg = Release|Any CPU
		{716A5A5E-C5B2-4885-800F-56BE3C51248A}.Release|x64.Build.0 = Release|Any CPU
		{716A5A5E-C5B2-4885-800F-56BE3C51248A}.Release|x86.ActiveCfg = Release|Any CPU
		{716A5A5E-C5B2-4885-800F-56BE3C51248A}.Release|x86.Build.0 = Release|Any CPU
		{A6627047-95D0-3429-D3DD-42A5D8DFAC5E}.Debug|Any CPU.ActiveCfg = Debug|Any CPU
		{A6627047-95D0-3429-D3DD-42A5D8DFAC5E}.Debug|Any CPU.Build.0 = Debug|Any CPU
		{A6627047-95D0-3429-D3DD-42A5D8DFAC5E}.Debug|x64.ActiveCfg = Debug|Any CPU
		{A6627047-95D0-3429-D3DD-42A5D8DFAC5E}.Debug|x64.Build.0 = Debug|Any CPU
		{A6627047-95D0-3429-D3DD-42A5D8DFAC5E}.Debug|x86.ActiveCfg = Debug|Any CPU
		{A6627047-95D0-3429-D3DD-42A5D8DFAC5E}.Debug|x86.Build.0 = Debug|Any CPU
		{A6627047-95D0-3429-D3DD-42A5D8DFAC5E}.Release|Any CPU.ActiveCfg = Release|Any CPU
		{A6627047-95D0-3429-D3DD-42A5D8DFAC5E}.Release|Any CPU.Build.0 = Release|Any CPU
		{A6627047-95D0-3429-D3DD-42A5D8DFAC5E}.Release|x64.ActiveCfg = Release|Any CPU
		{A6627047-95D0-3429-D3DD-42A5D8DFAC5E}.Release|x64.Build.0 = Release|Any CPU
		{A6627047-95D0-3429-D3DD-42A5D8DFAC5E}.Release|x86.ActiveCfg = Release|Any CPU
		{A6627047-95D0-3429-D3DD-42A5D8DFAC5E}.Release|x86.Build.0 = Release|Any CPU
		{C2FE9FEE-F9A8-462A-8D93-65B779A1295E}.Debug|Any CPU.ActiveCfg = Debug|Any CPU
		{C2FE9FEE-F9A8-462A-8D93-65B779A1295E}.Debug|x64.ActiveCfg = Debug|Any CPU
		{C2FE9FEE-F9A8-462A-8D93-65B779A1295E}.Debug|x64.Build.0 = Debug|Any CPU
		{C2FE9FEE-F9A8-462A-8D93-65B779A1295E}.Debug|x86.ActiveCfg = Debug|Any CPU
		{C2FE9FEE-F9A8-462A-8D93-65B779A1295E}.Debug|x86.Build.0 = Debug|Any CPU
		{C2FE9FEE-F9A8-462A-8D93-65B779A1295E}.Release|Any CPU.ActiveCfg = Debug|Any CPU
		{C2FE9FEE-F9A8-462A-8D93-65B779A1295E}.Release|Any CPU.Build.0 = Debug|Any CPU
		{C2FE9FEE-F9A8-462A-8D93-65B779A1295E}.Release|x64.ActiveCfg = Release|Any CPU
		{C2FE9FEE-F9A8-462A-8D93-65B779A1295E}.Release|x64.Build.0 = Release|Any CPU
		{C2FE9FEE-F9A8-462A-8D93-65B779A1295E}.Release|x86.ActiveCfg = Release|Any CPU
		{C2FE9FEE-F9A8-462A-8D93-65B779A1295E}.Release|x86.Build.0 = Release|Any CPU
		{48671099-9B63-4C81-8F63-B87866526E85}.Debug|Any CPU.ActiveCfg = Debug|Any CPU
		{48671099-9B63-4C81-8F63-B87866526E85}.Debug|Any CPU.Build.0 = Debug|Any CPU
		{48671099-9B63-4C81-8F63-B87866526E85}.Debug|x64.ActiveCfg = Debug|Any CPU
		{48671099-9B63-4C81-8F63-B87866526E85}.Debug|x64.Build.0 = Debug|Any CPU
		{48671099-9B63-4C81-8F63-B87866526E85}.Debug|x86.ActiveCfg = Debug|Any CPU
		{48671099-9B63-4C81-8F63-B87866526E85}.Debug|x86.Build.0 = Debug|Any CPU
		{48671099-9B63-4C81-8F63-B87866526E85}.Release|Any CPU.ActiveCfg = Release|Any CPU
		{48671099-9B63-4C81-8F63-B87866526E85}.Release|Any CPU.Build.0 = Release|Any CPU
		{48671099-9B63-4C81-8F63-B87866526E85}.Release|x64.ActiveCfg = Release|Any CPU
		{48671099-9B63-4C81-8F63-B87866526E85}.Release|x64.Build.0 = Release|Any CPU
		{48671099-9B63-4C81-8F63-B87866526E85}.Release|x86.ActiveCfg = Release|Any CPU
		{48671099-9B63-4C81-8F63-B87866526E85}.Release|x86.Build.0 = Release|Any CPU
		{469BA842-BB9B-495F-ABCD-F5AD664A422A}.Debug|Any CPU.ActiveCfg = Debug|Any CPU
		{469BA842-BB9B-495F-ABCD-F5AD664A422A}.Debug|Any CPU.Build.0 = Debug|Any CPU
		{469BA842-BB9B-495F-ABCD-F5AD664A422A}.Debug|x64.ActiveCfg = Debug|Any CPU
		{469BA842-BB9B-495F-ABCD-F5AD664A422A}.Debug|x64.Build.0 = Debug|Any CPU
		{469BA842-BB9B-495F-ABCD-F5AD664A422A}.Debug|x86.ActiveCfg = Debug|Any CPU
		{469BA842-BB9B-495F-ABCD-F5AD664A422A}.Debug|x86.Build.0 = Debug|Any CPU
		{469BA842-BB9B-495F-ABCD-F5AD664A422A}.Release|Any CPU.ActiveCfg = Release|Any CPU
		{469BA842-BB9B-495F-ABCD-F5AD664A422A}.Release|Any CPU.Build.0 = Release|Any CPU
		{469BA842-BB9B-495F-ABCD-F5AD664A422A}.Release|x64.ActiveCfg = Release|Any CPU
		{469BA842-BB9B-495F-ABCD-F5AD664A422A}.Release|x64.Build.0 = Release|Any CPU
		{469BA842-BB9B-495F-ABCD-F5AD664A422A}.Release|x86.ActiveCfg = Release|Any CPU
		{469BA842-BB9B-495F-ABCD-F5AD664A422A}.Release|x86.Build.0 = Release|Any CPU
		{3BC0D0F3-920A-4838-AAFC-086CEAEF9962}.Debug|Any CPU.ActiveCfg = Debug|Any CPU
		{3BC0D0F3-920A-4838-AAFC-086CEAEF9962}.Debug|Any CPU.Build.0 = Debug|Any CPU
		{3BC0D0F3-920A-4838-AAFC-086CEAEF9962}.Debug|x64.ActiveCfg = Debug|Any CPU
		{3BC0D0F3-920A-4838-AAFC-086CEAEF9962}.Debug|x64.Build.0 = Debug|Any CPU
		{3BC0D0F3-920A-4838-AAFC-086CEAEF9962}.Debug|x86.ActiveCfg = Debug|Any CPU
		{3BC0D0F3-920A-4838-AAFC-086CEAEF9962}.Debug|x86.Build.0 = Debug|Any CPU
		{3BC0D0F3-920A-4838-AAFC-086CEAEF9962}.Release|Any CPU.ActiveCfg = Release|Any CPU
		{3BC0D0F3-920A-4838-AAFC-086CEAEF9962}.Release|Any CPU.Build.0 = Release|Any CPU
		{3BC0D0F3-920A-4838-AAFC-086CEAEF9962}.Release|x64.ActiveCfg = Release|Any CPU
		{3BC0D0F3-920A-4838-AAFC-086CEAEF9962}.Release|x64.Build.0 = Release|Any CPU
		{3BC0D0F3-920A-4838-AAFC-086CEAEF9962}.Release|x86.ActiveCfg = Release|Any CPU
		{3BC0D0F3-920A-4838-AAFC-086CEAEF9962}.Release|x86.Build.0 = Release|Any CPU
	EndGlobalSection
	GlobalSection(SolutionProperties) = preSolution
		HideSolutionNode = FALSE
	EndGlobalSection
	GlobalSection(NestedProjects) = preSolution
		{469BA842-BB9B-495F-ABCD-F5AD664A422A} = {0AB3BF05-4346-4AA6-1389-037BE0695223}
		{3BC0D0F3-920A-4838-AAFC-086CEAEF9962} = {0AB3BF05-4346-4AA6-1389-037BE0695223}
	EndGlobalSection
	GlobalSection(ExtensibilityGlobals) = postSolution
		SolutionGuid = {F82B796A-0297-45AF-BD1E-5CA3C452ED80}
	EndGlobalSection
EndGlobal
